{
  "name": "pega-ng",
  "version": "0.0.0",
  "lockfileVersion": 1,
  "requires": true,
  "dependencies": {
    "@angular/material-moment-adapter": {
      "version": "6.4.1",
      "resolved": "https://registry.npmjs.org/@angular/material-moment-adapter/-/material-moment-adapter-6.4.1.tgz",
      "integrity": "sha512-+Px00vS4DgKLtN+6UlRzBMT29Epwjox6vC3EbdM0ZwU/UOvrdzrA1sGMFcAiPiYdusFM4UdcNq+saru9ByNnjg==",
      "requires": {
        "tslib": "1.9.3"
      }
    },
    "@types/lodash": {
      "version": "4.14.111",
      "resolved": "https://registry.npmjs.org/@types/lodash/-/lodash-4.14.111.tgz",
      "integrity": "sha512-t2FwnkdqdZNYPJHTEF+Zf//j5d2I7UbM2Ng+vqqmUCE2RuiVVINJi9RlVdpKvqPqVItsJa0X+ra/tvmwLzlcgg=="
    },
    "material-design-icons": {
      "version": "3.0.1",
      "resolved": "https://registry.npmjs.org/material-design-icons/-/material-design-icons-3.0.1.tgz",
      "integrity": "sha1-mnHEh0chjrylHlGmbaaCA4zct78="
    },
    "tslib": {
      "version": "1.9.3",
      "resolved": "https://registry.npmjs.org/tslib/-/tslib-1.9.3.tgz",
      "integrity": "sha512-4krF8scpejhaOgqzBEcGM7yDIEfi0/8+8zDRZhNZZ2kjmHJ4hv3zCbQWxoJGz1iw5U0Jl0nma13xzHXcncMavQ=="
    }
  }
}
